// !$*UTF8*$!
{
	archiveVersion = 1;
	classes = {
	};
	objectVersion = 51;
	objects = {

/* Begin PBXBuildFile section */
		33F8D9AB3B0A38D2BD72DF67 /* Pods_Black_Business_Locator.framework in Frameworks */ = {isa = PBXBuildFile; fileRef = 41998C929B52531DE8E68003 /* Pods_Black_Business_Locator.framework */; };
		695C6970262F129A003469A1 /* BaseView.swift in Sources */ = {isa = PBXBuildFile; fileRef = 695C696F262F129A003469A1 /* BaseView.swift */; };
		695C697A262F1376003469A1 /* DetailsFoodView.swift in Sources */ = {isa = PBXBuildFile; fileRef = 695C6979262F1376003469A1 /* DetailsFoodView.swift */; };
		695C6982262F147A003469A1 /* DetailsFoodViewController.swift in Sources */ = {isa = PBXBuildFile; fileRef = 695C6981262F147A003469A1 /* DetailsFoodViewController.swift */; };
		695C6988262F1627003469A1 /* RestaurantTableViewController.swift in Sources */ = {isa = PBXBuildFile; fileRef = 695C6987262F1627003469A1 /* RestaurantTableViewController.swift */; };
		695C6999262F16AA003469A1 /* RestaurantTableViewCell.swift in Sources */ = {isa = PBXBuildFile; fileRef = 695C6998262F16AA003469A1 /* RestaurantTableViewCell.swift */; };
		695C69A8262F1847003469A1 /* LocationView.swift in Sources */ = {isa = PBXBuildFile; fileRef = 695C69A7262F1847003469A1 /* LocationView.swift */; };
		695C69B0262F18F5003469A1 /* LocationViewController.swift in Sources */ = {isa = PBXBuildFile; fileRef = 695C69AF262F18F5003469A1 /* LocationViewController.swift */; };
		695C69B9262F2069003469A1 /* LocationService.swift in Sources */ = {isa = PBXBuildFile; fileRef = 695C69B8262F2069003469A1 /* LocationService.swift */; };
		695C69BE262F278A003469A1 /* Podfile in Resources */ = {isa = PBXBuildFile; fileRef = 695C69BD262F278A003469A1 /* Podfile */; };
		695C69C7262F2971003469A1 /* NetworkService.swift in Sources */ = {isa = PBXBuildFile; fileRef = 695C69C6262F2971003469A1 /* NetworkService.swift */; };
		695C69D6262F2D9E003469A1 /* Models.swift in Sources */ = {isa = PBXBuildFile; fileRef = 695C69D5262F2D9E003469A1 /* Models.swift */; };
		695C69E2262F3998003469A1 /* DetailsCollectionViewCell.swift in Sources */ = {isa = PBXBuildFile; fileRef = 695C69E1262F3998003469A1 /* DetailsCollectionViewCell.swift */; };
		C14981E7261CF890004A1CBC /* AppDelegate.swift in Sources */ = {isa = PBXBuildFile; fileRef = C14981E6261CF890004A1CBC /* AppDelegate.swift */; };
		C14981E9261CF890004A1CBC /* SceneDelegate.swift in Sources */ = {isa = PBXBuildFile; fileRef = C14981E8261CF890004A1CBC /* SceneDelegate.swift */; };
		C14981EB261CF890004A1CBC /* ViewController.swift in Sources */ = {isa = PBXBuildFile; fileRef = C14981EA261CF890004A1CBC /* ViewController.swift */; };
		C14981EE261CF890004A1CBC /* Main.storyboard in Resources */ = {isa = PBXBuildFile; fileRef = C14981EC261CF890004A1CBC /* Main.storyboard */; };
		C14981F0261CF89B004A1CBC /* Assets.xcassets in Resources */ = {isa = PBXBuildFile; fileRef = C14981EF261CF89B004A1CBC /* Assets.xcassets */; };
		C14981F3261CF89B004A1CBC /* LaunchScreen.storyboard in Resources */ = {isa = PBXBuildFile; fileRef = C14981F1261CF89B004A1CBC /* LaunchScreen.storyboard */; };
		C14981FE261CF89B004A1CBC /* Black_Business_LocatorTests.swift in Sources */ = {isa = PBXBuildFile; fileRef = C14981FD261CF89B004A1CBC /* Black_Business_LocatorTests.swift */; };
		C1498209261CF89B004A1CBC /* Black_Business_LocatorUITests.swift in Sources */ = {isa = PBXBuildFile; fileRef = C1498208261CF89B004A1CBC /* Black_Business_LocatorUITests.swift */; };
/* End PBXBuildFile section */

/* Begin PBXContainerItemProxy section */
		C14981FA261CF89B004A1CBC /* PBXContainerItemProxy */ = {
			isa = PBXContainerItemProxy;
			containerPortal = C14981DB261CF88F004A1CBC /* Project object */;
			proxyType = 1;
			remoteGlobalIDString = C14981E2261CF890004A1CBC;
			remoteInfo = "Black Business Locator";
		};
		C1498205261CF89B004A1CBC /* PBXContainerItemProxy */ = {
			isa = PBXContainerItemProxy;
			containerPortal = C14981DB261CF88F004A1CBC /* Project object */;
			proxyType = 1;
			remoteGlobalIDString = C14981E2261CF890004A1CBC;
			remoteInfo = "Black Business Locator";
		};
/* End PBXContainerItemProxy section */

/* Begin PBXFileReference section */
		41998C929B52531DE8E68003 /* Pods_Black_Business_Locator.framework */ = {isa = PBXFileReference; explicitFileType = wrapper.framework; includeInIndex = 0; path = Pods_Black_Business_Locator.framework; sourceTree = BUILT_PRODUCTS_DIR; };
		695C696F262F129A003469A1 /* BaseView.swift */ = {isa = PBXFileReference; lastKnownFileType = sourcecode.swift; path = BaseView.swift; sourceTree = "<group>"; };
		695C6979262F1376003469A1 /* DetailsFoodView.swift */ = {isa = PBXFileReference; lastKnownFileType = sourcecode.swift; path = DetailsFoodView.swift; sourceTree = "<group>"; };
		695C6981262F147A003469A1 /* DetailsFoodViewController.swift */ = {isa = PBXFileReference; lastKnownFileType = sourcecode.swift; path = DetailsFoodViewController.swift; sourceTree = "<group>"; };
		695C6987262F1627003469A1 /* RestaurantTableViewController.swift */ = {isa = PBXFileReference; lastKnownFileType = sourcecode.swift; path = RestaurantTableViewController.swift; sourceTree = "<group>"; };
		695C6998262F16AA003469A1 /* RestaurantTableViewCell.swift */ = {isa = PBXFileReference; lastKnownFileType = sourcecode.swift; path = RestaurantTableViewCell.swift; sourceTree = "<group>"; };
		695C69A7262F1847003469A1 /* LocationView.swift */ = {isa = PBXFileReference; lastKnownFileType = sourcecode.swift; path = LocationView.swift; sourceTree = "<group>"; };
		695C69AF262F18F5003469A1 /* LocationViewController.swift */ = {isa = PBXFileReference; lastKnownFileType = sourcecode.swift; path = LocationViewController.swift; sourceTree = "<group>"; };
		695C69B8262F2069003469A1 /* LocationService.swift */ = {isa = PBXFileReference; lastKnownFileType = sourcecode.swift; path = LocationService.swift; sourceTree = "<group>"; };
		695C69BD262F278A003469A1 /* Podfile */ = {isa = PBXFileReference; lastKnownFileType = text; path = Podfile; sourceTree = "<group>"; xcLanguageSpecificationIdentifier = xcode.lang.ruby; };
		695C69C6262F2971003469A1 /* NetworkService.swift */ = {isa = PBXFileReference; lastKnownFileType = sourcecode.swift; path = NetworkService.swift; sourceTree = "<group>"; };
		695C69D5262F2D9E003469A1 /* Models.swift */ = {isa = PBXFileReference; lastKnownFileType = sourcecode.swift; path = Models.swift; sourceTree = "<group>"; };
		695C69E1262F3998003469A1 /* DetailsCollectionViewCell.swift */ = {isa = PBXFileReference; lastKnownFileType = sourcecode.swift; path = DetailsCollectionViewCell.swift; sourceTree = "<group>"; };
		96BC5769CAA6F67980046967 /* Pods-Black Business Locator.release.xcconfig */ = {isa = PBXFileReference; includeInIndex = 1; lastKnownFileType = text.xcconfig; name = "Pods-Black Business Locator.release.xcconfig"; path = "Target Support Files/Pods-Black Business Locator/Pods-Black Business Locator.release.xcconfig"; sourceTree = "<group>"; };
		C14981E3261CF890004A1CBC /* Black Business Locator.app */ = {isa = PBXFileReference; explicitFileType = wrapper.application; includeInIndex = 0; path = "Black Business Locator.app"; sourceTree = BUILT_PRODUCTS_DIR; };
		C14981E6261CF890004A1CBC /* AppDelegate.swift */ = {isa = PBXFileReference; lastKnownFileType = sourcecode.swift; path = AppDelegate.swift; sourceTree = "<group>"; };
		C14981E8261CF890004A1CBC /* SceneDelegate.swift */ = {isa = PBXFileReference; lastKnownFileType = sourcecode.swift; path = SceneDelegate.swift; sourceTree = "<group>"; };
		C14981EA261CF890004A1CBC /* ViewController.swift */ = {isa = PBXFileReference; lastKnownFileType = sourcecode.swift; path = ViewController.swift; sourceTree = "<group>"; };
		C14981ED261CF890004A1CBC /* Base */ = {isa = PBXFileReference; lastKnownFileType = file.storyboard; name = Base; path = Base.lproj/Main.storyboard; sourceTree = "<group>"; };
		C14981EF261CF89B004A1CBC /* Assets.xcassets */ = {isa = PBXFileReference; lastKnownFileType = folder.assetcatalog; path = Assets.xcassets; sourceTree = "<group>"; };
		C14981F2261CF89B004A1CBC /* Base */ = {isa = PBXFileReference; lastKnownFileType = file.storyboard; name = Base; path = Base.lproj/LaunchScreen.storyboard; sourceTree = "<group>"; };
		C14981F4261CF89B004A1CBC /* Info.plist */ = {isa = PBXFileReference; lastKnownFileType = text.plist.xml; path = Info.plist; sourceTree = "<group>"; };
		C14981F9261CF89B004A1CBC /* Black Business LocatorTests.xctest */ = {isa = PBXFileReference; explicitFileType = wrapper.cfbundle; includeInIndex = 0; path = "Black Business LocatorTests.xctest"; sourceTree = BUILT_PRODUCTS_DIR; };
		C14981FD261CF89B004A1CBC /* Black_Business_LocatorTests.swift */ = {isa = PBXFileReference; lastKnownFileType = sourcecode.swift; path = Black_Business_LocatorTests.swift; sourceTree = "<group>"; };
		C14981FF261CF89B004A1CBC /* Info.plist */ = {isa = PBXFileReference; lastKnownFileType = text.plist.xml; path = Info.plist; sourceTree = "<group>"; };
		C1498204261CF89B004A1CBC /* Black Business LocatorUITests.xctest */ = {isa = PBXFileReference; explicitFileType = wrapper.cfbundle; includeInIndex = 0; path = "Black Business LocatorUITests.xctest"; sourceTree = BUILT_PRODUCTS_DIR; };
		C1498208261CF89B004A1CBC /* Black_Business_LocatorUITests.swift */ = {isa = PBXFileReference; lastKnownFileType = sourcecode.swift; path = Black_Business_LocatorUITests.swift; sourceTree = "<group>"; };
		C149820A261CF89C004A1CBC /* Info.plist */ = {isa = PBXFileReference; lastKnownFileType = text.plist.xml; path = Info.plist; sourceTree = "<group>"; };
		C79678B36499ACA3D86FBCC5 /* Pods-Black Business Locator.debug.xcconfig */ = {isa = PBXFileReference; includeInIndex = 1; lastKnownFileType = text.xcconfig; name = "Pods-Black Business Locator.debug.xcconfig"; path = "Target Support Files/Pods-Black Business Locator/Pods-Black Business Locator.debug.xcconfig"; sourceTree = "<group>"; };
/* End PBXFileReference section */

/* Begin PBXFrameworksBuildPhase section */
		C14981E0261CF890004A1CBC /* Frameworks */ = {
			isa = PBXFrameworksBuildPhase;
			buildActionMask = 2147483647;
			files = (
				33F8D9AB3B0A38D2BD72DF67 /* Pods_Black_Business_Locator.framework in Frameworks */,
			);
			runOnlyForDeploymentPostprocessing = 0;
		};
		C14981F6261CF89B004A1CBC /* Frameworks */ = {
			isa = PBXFrameworksBuildPhase;
			buildActionMask = 2147483647;
			files = (
			);
			runOnlyForDeploymentPostprocessing = 0;
		};
		C1498201261CF89B004A1CBC /* Frameworks */ = {
			isa = PBXFrameworksBuildPhase;
			buildActionMask = 2147483647;
			files = (
			);
			runOnlyForDeploymentPostprocessing = 0;
		};
/* End PBXFrameworksBuildPhase section */

/* Begin PBXGroup section */
		28AD8EAABAE29A27BB8C9DC2 /* Pods */ = {
			isa = PBXGroup;
			children = (
				C79678B36499ACA3D86FBCC5 /* Pods-Black Business Locator.debug.xcconfig */,
				96BC5769CAA6F67980046967 /* Pods-Black Business Locator.release.xcconfig */,
			);
			path = Pods;
			sourceTree = "<group>";
		};
		30CC5355C71C3425EF37AD11 /* Frameworks */ = {
			isa = PBXGroup;
			children = (
				41998C929B52531DE8E68003 /* Pods_Black_Business_Locator.framework */,
			);
			name = Frameworks;
			sourceTree = "<group>";
		};
		695C696E262F125F003469A1 /* Screen */ = {
			isa = PBXGroup;
			children = (
				695C69A0262F1788003469A1 /* Location */,
				695C6986262F158A003469A1 /* Lists */,
				695C6977262F131F003469A1 /* Details */,
				695C696F262F129A003469A1 /* BaseView.swift */,
			);
			path = Screen;
			sourceTree = "<group>";
		};
		695C6977262F131F003469A1 /* Details */ = {
			isa = PBXGroup;
			children = (
				695C6978262F1342003469A1 /* Views */,
				695C6981262F147A003469A1 /* DetailsFoodViewController.swift */,
			);
			path = Details;
			sourceTree = "<group>";
		};
		695C6978262F1342003469A1 /* Views */ = {
			isa = PBXGroup;
			children = (
				695C6979262F1376003469A1 /* DetailsFoodView.swift */,
				695C69E1262F3998003469A1 /* DetailsCollectionViewCell.swift */,
			);
			path = Views;
			sourceTree = "<group>";
		};
		695C6986262F158A003469A1 /* Lists */ = {
			isa = PBXGroup;
			children = (
				695C6997262F1655003469A1 /* Views */,
				695C6987262F1627003469A1 /* RestaurantTableViewController.swift */,
				695C69D5262F2D9E003469A1 /* Models.swift */,
			);
			path = Lists;
			sourceTree = "<group>";
		};
		695C6997262F1655003469A1 /* Views */ = {
			isa = PBXGroup;
			children = (
				695C6998262F16AA003469A1 /* RestaurantTableViewCell.swift */,
			);
			path = Views;
			sourceTree = "<group>";
		};
		695C69A0262F1788003469A1 /* Location */ = {
			isa = PBXGroup;
			children = (
				695C69A1262F1796003469A1 /* Views */,
				695C69AF262F18F5003469A1 /* LocationViewController.swift */,
			);
			path = Location;
			sourceTree = "<group>";
		};
		695C69A1262F1796003469A1 /* Views */ = {
			isa = PBXGroup;
			children = (
				695C69A7262F1847003469A1 /* LocationView.swift */,
			);
			path = Views;
			sourceTree = "<group>";
		};
		695C69B4262F200B003469A1 /* Services */ = {
			isa = PBXGroup;
			children = (
				695C69B8262F2069003469A1 /* LocationService.swift */,
				695C69C6262F2971003469A1 /* NetworkService.swift */,
			);
			path = Services;
			sourceTree = "<group>";
		};
		C14981DA261CF88F004A1CBC = {
			isa = PBXGroup;
			children = (
				695C69BD262F278A003469A1 /* Podfile */,
				C14981E5261CF890004A1CBC /* Black Business Locator */,
				C14981FC261CF89B004A1CBC /* Black Business LocatorTests */,
				C1498207261CF89B004A1CBC /* Black Business LocatorUITests */,
				C14981E4261CF890004A1CBC /* Products */,
				28AD8EAABAE29A27BB8C9DC2 /* Pods */,
				30CC5355C71C3425EF37AD11 /* Frameworks */,
			);
			sourceTree = "<group>";
		};
		C14981E4261CF890004A1CBC /* Products */ = {
			isa = PBXGroup;
			children = (
				C14981E3261CF890004A1CBC /* Black Business Locator.app */,
				C14981F9261CF89B004A1CBC /* Black Business LocatorTests.xctest */,
				C1498204261CF89B004A1CBC /* Black Business LocatorUITests.xctest */,
			);
			name = Products;
			sourceTree = "<group>";
		};
		C14981E5261CF890004A1CBC /* Black Business Locator */ = {
			isa = PBXGroup;
			children = (
				695C69B4262F200B003469A1 /* Services */,
				C14981E6261CF890004A1CBC /* AppDelegate.swift */,
				695C696E262F125F003469A1 /* Screen */,
				C14981E8261CF890004A1CBC /* SceneDelegate.swift */,
				C14981EA261CF890004A1CBC /* ViewController.swift */,
				C14981EC261CF890004A1CBC /* Main.storyboard */,
				C14981EF261CF89B004A1CBC /* Assets.xcassets */,
				C14981F1261CF89B004A1CBC /* LaunchScreen.storyboard */,
				C14981F4261CF89B004A1CBC /* Info.plist */,
			);
			path = "Black Business Locator";
			sourceTree = "<group>";
		};
		C14981FC261CF89B004A1CBC /* Black Business LocatorTests */ = {
			isa = PBXGroup;
			children = (
				C14981FD261CF89B004A1CBC /* Black_Business_LocatorTests.swift */,
				C14981FF261CF89B004A1CBC /* Info.plist */,
			);
			path = "Black Business LocatorTests";
			sourceTree = "<group>";
		};
		C1498207261CF89B004A1CBC /* Black Business LocatorUITests */ = {
			isa = PBXGroup;
			children = (
				C1498208261CF89B004A1CBC /* Black_Business_LocatorUITests.swift */,
				C149820A261CF89C004A1CBC /* Info.plist */,
			);
			path = "Black Business LocatorUITests";
			sourceTree = "<group>";
		};
/* End PBXGroup section */

/* Begin PBXNativeTarget section */
		C14981E2261CF890004A1CBC /* Black Business Locator */ = {
			isa = PBXNativeTarget;
			buildConfigurationList = C149820D261CF89C004A1CBC /* Build configuration list for PBXNativeTarget "Black Business Locator" */;
			buildPhases = (
				0FF7CC27154C893D49DEB9DA /* [CP] Check Pods Manifest.lock */,
				C14981DF261CF890004A1CBC /* Sources */,
				C14981E0261CF890004A1CBC /* Frameworks */,
				C14981E1261CF890004A1CBC /* Resources */,
				F4EEA041C1CDED00CA72A233 /* [CP] Embed Pods Frameworks */,
			);
			buildRules = (
			);
			dependencies = (
			);
			name = "Black Business Locator";
			productName = "Black Business Locator";
			productReference = C14981E3261CF890004A1CBC /* Black Business Locator.app */;
			productType = "com.apple.product-type.application";
		};
		C14981F8261CF89B004A1CBC /* Black Business LocatorTests */ = {
			isa = PBXNativeTarget;
			buildConfigurationList = C1498210261CF89C004A1CBC /* Build configuration list for PBXNativeTarget "Black Business LocatorTests" */;
			buildPhases = (
				C14981F5261CF89B004A1CBC /* Sources */,
				C14981F6261CF89B004A1CBC /* Frameworks */,
				C14981F7261CF89B004A1CBC /* Resources */,
			);
			buildRules = (
			);
			dependencies = (
				C14981FB261CF89B004A1CBC /* PBXTargetDependency */,
			);
			name = "Black Business LocatorTests";
			productName = "Black Business LocatorTests";
			productReference = C14981F9261CF89B004A1CBC /* Black Business LocatorTests.xctest */;
			productType = "com.apple.product-type.bundle.unit-test";
		};
		C1498203261CF89B004A1CBC /* Black Business LocatorUITests */ = {
			isa = PBXNativeTarget;
			buildConfigurationList = C1498213261CF89C004A1CBC /* Build configuration list for PBXNativeTarget "Black Business LocatorUITests" */;
			buildPhases = (
				C1498200261CF89B004A1CBC /* Sources */,
				C1498201261CF89B004A1CBC /* Frameworks */,
				C1498202261CF89B004A1CBC /* Resources */,
			);
			buildRules = (
			);
			dependencies = (
				C1498206261CF89B004A1CBC /* PBXTargetDependency */,
			);
			name = "Black Business LocatorUITests";
			productName = "Black Business LocatorUITests";
			productReference = C1498204261CF89B004A1CBC /* Black Business LocatorUITests.xctest */;
			productType = "com.apple.product-type.bundle.ui-testing";
		};
/* End PBXNativeTarget section */

/* Begin PBXProject section */
		C14981DB261CF88F004A1CBC /* Project object */ = {
			isa = PBXProject;
			attributes = {
				LastSwiftUpdateCheck = 1240;
				LastUpgradeCheck = 1240;
				TargetAttributes = {
					C14981E2261CF890004A1CBC = {
						CreatedOnToolsVersion = 12.4;
					};
					C14981F8261CF89B004A1CBC = {
						CreatedOnToolsVersion = 12.4;
						TestTargetID = C14981E2261CF890004A1CBC;
					};
					C1498203261CF89B004A1CBC = {
						CreatedOnToolsVersion = 12.4;
						TestTargetID = C14981E2261CF890004A1CBC;
					};
				};
			};
			buildConfigurationList = C14981DE261CF88F004A1CBC /* Build configuration list for PBXProject "Black Business Locator" */;
			compatibilityVersion = "Xcode 9.3";
			developmentRegion = en;
			hasScannedForEncodings = 0;
			knownRegions = (
				en,
				Base,
			);
			mainGroup = C14981DA261CF88F004A1CBC;
			productRefGroup = C14981E4261CF890004A1CBC /* Products */;
			projectDirPath = "";
			projectRoot = "";
			targets = (
				C14981E2261CF890004A1CBC /* Black Business Locator */,
				C14981F8261CF89B004A1CBC /* Black Business LocatorTests */,
				C1498203261CF89B004A1CBC /* Black Business LocatorUITests */,
			);
		};
/* End PBXProject section */

/* Begin PBXResourcesBuildPhase section */
		C14981E1261CF890004A1CBC /* Resources */ = {
			isa = PBXResourcesBuildPhase;
			buildActionMask = 2147483647;
			files = (
				C14981F3261CF89B004A1CBC /* LaunchScreen.storyboard in Resources */,
				C14981F0261CF89B004A1CBC /* Assets.xcassets in Resources */,
				695C69BE262F278A003469A1 /* Podfile in Resources */,
				C14981EE261CF890004A1CBC /* Main.storyboard in Resources */,
			);
			runOnlyForDeploymentPostprocessing = 0;
		};
		C14981F7261CF89B004A1CBC /* Resources */ = {
			isa = PBXResourcesBuildPhase;
			buildActionMask = 2147483647;
			files = (
			);
			runOnlyForDeploymentPostprocessing = 0;
		};
		C1498202261CF89B004A1CBC /* Resources */ = {
			isa = PBXResourcesBuildPhase;
			buildActionMask = 2147483647;
			files = (
			);
			runOnlyForDeploymentPostprocessing = 0;
		};
/* End PBXResourcesBuildPhase section */

/* Begin PBXShellScriptBuildPhase section */
		0FF7CC27154C893D49DEB9DA /* [CP] Check Pods Manifest.lock */ = {
			isa = PBXShellScriptBuildPhase;
			buildActionMask = 2147483647;
			files = (
			);
			inputFileListPaths = (
			);
			inputPaths = (
				"${PODS_PODFILE_DIR_PATH}/Podfile.lock",
				"${PODS_ROOT}/Manifest.lock",
			);
			name = "[CP] Check Pods Manifest.lock";
			outputFileListPaths = (
			);
			outputPaths = (
				"$(DERIVED_FILE_DIR)/Pods-Black Business Locator-checkManifestLockResult.txt",
			);
			runOnlyForDeploymentPostprocessing = 0;
			shellPath = /bin/sh;
			shellScript = "diff \"${PODS_PODFILE_DIR_PATH}/Podfile.lock\" \"${PODS_ROOT}/Manifest.lock\" > /dev/null\nif [ $? != 0 ] ; then\n    # print error to STDERR\n    echo \"error: The sandbox is not in sync with the Podfile.lock. Run 'pod install' or update your CocoaPods installation.\" >&2\n    exit 1\nfi\n# This output is used by Xcode 'outputs' to avoid re-running this script phase.\necho \"SUCCESS\" > \"${SCRIPT_OUTPUT_FILE_0}\"\n";
			showEnvVarsInLog = 0;
		};
		F4EEA041C1CDED00CA72A233 /* [CP] Embed Pods Frameworks */ = {
			isa = PBXShellScriptBuildPhase;
			buildActionMask = 2147483647;
			files = (
			);
			inputFileListPaths = (
				"${PODS_ROOT}/Target Support Files/Pods-Black Business Locator/Pods-Black Business Locator-frameworks-${CONFIGURATION}-input-files.xcfilelist",
			);
			name = "[CP] Embed Pods Frameworks";
			outputFileListPaths = (
				"${PODS_ROOT}/Target Support Files/Pods-Black Business Locator/Pods-Black Business Locator-frameworks-${CONFIGURATION}-output-files.xcfilelist",
			);
			runOnlyForDeploymentPostprocessing = 0;
			shellPath = /bin/sh;
			shellScript = "\"${PODS_ROOT}/Target Support Files/Pods-Black Business Locator/Pods-Black Business Locator-frameworks.sh\"\n";
			showEnvVarsInLog = 0;
		};
/* End PBXShellScriptBuildPhase section */

/* Begin PBXSourcesBuildPhase section */
		C14981DF261CF890004A1CBC /* Sources */ = {
			isa = PBXSourcesBuildPhase;
			buildActionMask = 2147483647;
			files = (
				C14981EB261CF890004A1CBC /* ViewController.swift in Sources */,
				695C69D6262F2D9E003469A1 /* Models.swift in Sources */,
				C14981E7261CF890004A1CBC /* AppDelegate.swift in Sources */,
				695C6988262F1627003469A1 /* RestaurantTableViewController.swift in Sources */,
				695C697A262F1376003469A1 /* DetailsFoodView.swift in Sources */,
				695C6999262F16AA003469A1 /* RestaurantTableViewCell.swift in Sources */,
				695C69B0262F18F5003469A1 /* LocationViewController.swift in Sources */,
				695C69B9262F2069003469A1 /* LocationService.swift in Sources */,
				C14981E9261CF890004A1CBC /* SceneDelegate.swift in Sources */,
				695C69A8262F1847003469A1 /* LocationView.swift in Sources */,
				695C6970262F129A003469A1 /* BaseView.swift in Sources */,
				695C69C7262F2971003469A1 /* NetworkService.swift in Sources */,
				695C6982262F147A003469A1 /* DetailsFoodViewController.swift in Sources */,
				695C69E2262F3998003469A1 /* DetailsCollectionViewCell.swift in Sources */,
			);
			runOnlyForDeploymentPostprocessing = 0;
		};
		C14981F5261CF89B004A1CBC /* Sources */ = {
			isa = PBXSourcesBuildPhase;
			buildActionMask = 2147483647;
			files = (
				C14981FE261CF89B004A1CBC /* Black_Business_LocatorTests.swift in Sources */,
			);
			runOnlyForDeploymentPostprocessing = 0;
		};
		C1498200261CF89B004A1CBC /* Sources */ = {
			isa = PBXSourcesBuildPhase;
			buildActionMask = 2147483647;
			files = (
				C1498209261CF89B004A1CBC /* Black_Business_LocatorUITests.swift in Sources */,
			);
			runOnlyForDeploymentPostprocessing = 0;
		};
/* End PBXSourcesBuildPhase section */

/* Begin PBXTargetDependency section */
		C14981FB261CF89B004A1CBC /* PBXTargetDependency */ = {
			isa = PBXTargetDependency;
			target = C14981E2261CF890004A1CBC /* Black Business Locator */;
			targetProxy = C14981FA261CF89B004A1CBC /* PBXContainerItemProxy */;
		};
		C1498206261CF89B004A1CBC /* PBXTargetDependency */ = {
			isa = PBXTargetDependency;
			target = C14981E2261CF890004A1CBC /* Black Business Locator */;
			targetProxy = C1498205261CF89B004A1CBC /* PBXContainerItemProxy */;
		};
/* End PBXTargetDependency section */

/* Begin PBXVariantGroup section */
		C14981EC261CF890004A1CBC /* Main.storyboard */ = {
			isa = PBXVariantGroup;
			children = (
				C14981ED261CF890004A1CBC /* Base */,
			);
			name = Main.storyboard;
			sourceTree = "<group>";
		};
		C14981F1261CF89B004A1CBC /* LaunchScreen.storyboard */ = {
			isa = PBXVariantGroup;
			children = (
				C14981F2261CF89B004A1CBC /* Base */,
			);
			name = LaunchScreen.storyboard;
			sourceTree = "<group>";
		};
/* End PBXVariantGroup section */

/* Begin XCBuildConfiguration section */
		C149820B261CF89C004A1CBC /* Debug */ = {
			isa = XCBuildConfiguration;
			buildSettings = {
				ALWAYS_SEARCH_USER_PATHS = NO;
				CLANG_ANALYZER_NONNULL = YES;
				CLANG_ANALYZER_NUMBER_OBJECT_CONVERSION = YES_AGGRESSIVE;
				CLANG_CXX_LANGUAGE_STANDARD = "gnu++14";
				CLANG_CXX_LIBRARY = "libc++";
				CLANG_ENABLE_MODULES = YES;
				CLANG_ENABLE_OBJC_ARC = YES;
				CLANG_ENABLE_OBJC_WEAK = YES;
				CLANG_WARN_BLOCK_CAPTURE_AUTORELEASING = YES;
				CLANG_WARN_BOOL_CONVERSION = YES;
				CLANG_WARN_COMMA = YES;
				CLANG_WARN_CONSTANT_CONVERSION = YES;
				CLANG_WARN_DEPRECATED_OBJC_IMPLEMENTATIONS = YES;
				CLANG_WARN_DIRECT_OBJC_ISA_USAGE = YES_ERROR;
				CLANG_WARN_DOCUMENTATION_COMMENTS = YES;
				CLANG_WARN_EMPTY_BODY = YES;
				CLANG_WARN_ENUM_CONVERSION = YES;
				CLANG_WARN_INFINITE_RECURSION = YES;
				CLANG_WARN_INT_CONVERSION = YES;
				CLANG_WARN_NON_LITERAL_NULL_CONVERSION = YES;
				CLANG_WARN_OBJC_IMPLICIT_RETAIN_SELF = YES;
				CLANG_WARN_OBJC_LITERAL_CONVERSION = YES;
				CLANG_WARN_OBJC_ROOT_CLASS = YES_ERROR;
				CLANG_WARN_QUOTED_INCLUDE_IN_FRAMEWORK_HEADER = YES;
				CLANG_WARN_RANGE_LOOP_ANALYSIS = YES;
				CLANG_WARN_STRICT_PROTOTYPES = YES;
				CLANG_WARN_SUSPICIOUS_MOVE = YES;
				CLANG_WARN_UNGUARDED_AVAILABILITY = YES_AGGRESSIVE;
				CLANG_WARN_UNREACHABLE_CODE = YES;
				CLANG_WARN__DUPLICATE_METHOD_MATCH = YES;
				COPY_PHASE_STRIP = NO;
				DEBUG_INFORMATION_FORMAT = dwarf;
				ENABLE_STRICT_OBJC_MSGSEND = YES;
				ENABLE_TESTABILITY = YES;
				GCC_C_LANGUAGE_STANDARD = gnu11;
				GCC_DYNAMIC_NO_PIC = NO;
				GCC_NO_COMMON_BLOCKS = YES;
				GCC_OPTIMIZATION_LEVEL = 0;
				GCC_PREPROCESSOR_DEFINITIONS = (
					"DEBUG=1",
					"$(inherited)",
				);
				GCC_WARN_64_TO_32_BIT_CONVERSION = YES;
				GCC_WARN_ABOUT_RETURN_TYPE = YES_ERROR;
				GCC_WARN_UNDECLARED_SELECTOR = YES;
				GCC_WARN_UNINITIALIZED_AUTOS = YES_AGGRESSIVE;
				GCC_WARN_UNUSED_FUNCTION = YES;
				GCC_WARN_UNUSED_VARIABLE = YES;
				IPHONEOS_DEPLOYMENT_TARGET = 14.4;
				MTL_ENABLE_DEBUG_INFO = INCLUDE_SOURCE;
				MTL_FAST_MATH = YES;
				ONLY_ACTIVE_ARCH = YES;
				SDKROOT = iphoneos;
				SWIFT_ACTIVE_COMPILATION_CONDITIONS = DEBUG;
				SWIFT_OPTIMIZATION_LEVEL = "-Onone";
			};
			name = Debug;
		};
		C149820C261CF89C004A1CBC /* Release */ = {
			isa = XCBuildConfiguration;
			buildSettings = {
				ALWAYS_SEARCH_USER_PATHS = NO;
				CLANG_ANALYZER_NONNULL = YES;
				CLANG_ANALYZER_NUMBER_OBJECT_CONVERSION = YES_AGGRESSIVE;
				CLANG_CXX_LANGUAGE_STANDARD = "gnu++14";
				CLANG_CXX_LIBRARY = "libc++";
				CLANG_ENABLE_MODULES = YES;
				CLANG_ENABLE_OBJC_ARC = YES;
				CLANG_ENABLE_OBJC_WEAK = YES;
				CLANG_WARN_BLOCK_CAPTURE_AUTORELEASING = YES;
				CLANG_WARN_BOOL_CONVERSION = YES;
				CLANG_WARN_COMMA = YES;
				CLANG_WARN_CONSTANT_CONVERSION = YES;
				CLANG_WARN_DEPRECATED_OBJC_IMPLEMENTATIONS = YES;
				CLANG_WARN_DIRECT_OBJC_ISA_USAGE = YES_ERROR;
				CLANG_WARN_DOCUMENTATION_COMMENTS = YES;
				CLANG_WARN_EMPTY_BODY = YES;
				CLANG_WARN_ENUM_CONVERSION = YES;
				CLANG_WARN_INFINITE_RECURSION = YES;
				CLANG_WARN_INT_CONVERSION = YES;
				CLANG_WARN_NON_LITERAL_NULL_CONVERSION = YES;
				CLANG_WARN_OBJC_IMPLICIT_RETAIN_SELF = YES;
				CLANG_WARN_OBJC_LITERAL_CONVERSION = YES;
				CLANG_WARN_OBJC_ROOT_CLASS = YES_ERROR;
				CLANG_WARN_QUOTED_INCLUDE_IN_FRAMEWORK_HEADER = YES;
				CLANG_WARN_RANGE_LOOP_ANALYSIS = YES;
				CLANG_WARN_STRICT_PROTOTYPES = YES;
				CLANG_WARN_SUSPICIOUS_MOVE = YES;
				CLANG_WARN_UNGUARDED_AVAILABILITY = YES_AGGRESSIVE;
				CLANG_WARN_UNREACHABLE_CODE = YES;
				CLANG_WARN__DUPLICATE_METHOD_MATCH = YES;
				COPY_PHASE_STRIP = NO;
				DEBUG_INFORMATION_FORMAT = "dwarf-with-dsym";
				ENABLE_NS_ASSERTIONS = NO;
				ENABLE_STRICT_OBJC_MSGSEND = YES;
				GCC_C_LANGUAGE_STANDARD = gnu11;
				GCC_NO_COMMON_BLOCKS = YES;
				GCC_WARN_64_TO_32_BIT_CONVERSION = YES;
				GCC_WARN_ABOUT_RETURN_TYPE = YES_ERROR;
				GCC_WARN_UNDECLARED_SELECTOR = YES;
				GCC_WARN_UNINITIALIZED_AUTOS = YES_AGGRESSIVE;
				GCC_WARN_UNUSED_FUNCTION = YES;
				GCC_WARN_UNUSED_VARIABLE = YES;
				IPHONEOS_DEPLOYMENT_TARGET = 14.4;
				MTL_ENABLE_DEBUG_INFO = NO;
				MTL_FAST_MATH = YES;
				SDKROOT = iphoneos;
				SWIFT_COMPILATION_MODE = wholemodule;
				SWIFT_OPTIMIZATION_LEVEL = "-O";
				VALIDATE_PRODUCT = YES;
			};
			name = Release;
		};
		C149820E261CF89C004A1CBC /* Debug */ = {
			isa = XCBuildConfiguration;
			baseConfigurationReference = C79678B36499ACA3D86FBCC5 /* Pods-Black Business Locator.debug.xcconfig */;
			buildSettings = {
				ASSETCATALOG_COMPILER_APPICON_NAME = AppIcon;
				ASSETCATALOG_COMPILER_GLOBAL_ACCENT_COLOR_NAME = AccentColor;
				CODE_SIGN_STYLE = Automatic;
				DEVELOPMENT_TEAM = BQ5W2PQZ45;
				INFOPLIST_FILE = "Black Business Locator/Info.plist";
				LD_RUNPATH_SEARCH_PATHS = (
					"$(inherited)",
					"@executable_path/Frameworks",
				);
				PRODUCT_BUNDLE_IDENTIFIER = "justinmrstewart-yahoo.com.Black-Business-Locator";
				PRODUCT_NAME = "$(TARGET_NAME)";
				SWIFT_VERSION = 5.0;
				TARGETED_DEVICE_FAMILY = "1,2";
			};
			name = Debug;
		};
		C149820F261CF89C004A1CBC /* Release */ = {
			isa = XCBuildConfiguration;
			baseConfigurationReference = 96BC5769CAA6F67980046967 /* Pods-Black Business Locator.release.xcconfig */;
			buildSettings = {
				ASSETCATALOG_COMPILER_APPICON_NAME = AppIcon;
				ASSETCATALOG_COMPILER_GLOBAL_ACCENT_COLOR_NAME = AccentColor;
				CODE_SIGN_STYLE = Automatic;
				DEVELOPMENT_TEAM = BQ5W2PQZ45;
				INFOPLIST_FILE = "Black Business Locator/Info.plist";
				LD_RUNPATH_SEARCH_PATHS = (
					"$(inherited)",
					"@executable_path/Frameworks",
				);
				PRODUCT_BUNDLE_IDENTIFIER = "justinmrstewart-yahoo.com.Black-Business-Locator";
				PRODUCT_NAME = "$(TARGET_NAME)";
				SWIFT_VERSION = 5.0;
				TARGETED_DEVICE_FAMILY = "1,2";
			};
			name = Release;
		};
		C1498211261CF89C004A1CBC /* Debug */ = {
			isa = XCBuildConfiguration;
			buildSettings = {
				ALWAYS_EMBED_SWIFT_STANDARD_LIBRARIES = YES;
				BUNDLE_LOADER = "$(TEST_HOST)";
				CODE_SIGN_STYLE = Automatic;
				DEVELOPMENT_TEAM = BQ5W2PQZ45;
				INFOPLIST_FILE = "Black Business LocatorTests/Info.plist";
				IPHONEOS_DEPLOYMENT_TARGET = 14.4;
				LD_RUNPATH_SEARCH_PATHS = (
					"$(inherited)",
					"@executable_path/Frameworks",
					"@loader_path/Frameworks",
				);
				PRODUCT_BUNDLE_IDENTIFIER = "justinmrstewart-yahoo.com.Black-Business-LocatorTests";
				PRODUCT_NAME = "$(TARGET_NAME)";
				SWIFT_VERSION = 5.0;
				TARGETED_DEVICE_FAMILY = "1,2";
				TEST_HOST = "$(BUILT_PRODUCTS_DIR)/Black Business Locator.app/Black Business Locator";
			};
			name = Debug;
		};
		C1498212261CF89C004A1CBC /* Release */ = {
			isa = XCBuildConfiguration;
			buildSettings = {
				ALWAYS_EMBED_SWIFT_STANDARD_LIBRARIES = YES;
				BUNDLE_LOADER = "$(TEST_HOST)";
				CODE_SIGN_STYLE = Automatic;
				DEVELOPMENT_TEAM = BQ5W2PQZ45;
				INFOPLIST_FILE = "Black Business LocatorTests/Info.plist";
				IPHONEOS_DEPLOYMENT_TARGET = 14.4;
				LD_RUNPATH_SEARCH_PATHS = (
					"$(inherited)",
					"@executable_path/Frameworks",
					"@loader_path/Frameworks",
				);
				PRODUCT_BUNDLE_IDENTIFIER = "justinmrstewart-yahoo.com.Black-Business-LocatorTests";
				PRODUCT_NAME = "$(TARGET_NAME)";
				SWIFT_VERSION = 5.0;
				TARGETED_DEVICE_FAMILY = "1,2";
				TEST_HOST = "$(BUILT_PRODUCTS_DIR)/Black Business Locator.app/Black Business Locator";
			};
			name = Release;
		};
		C1498214261CF89C004A1CBC /* Debug */ = {
			isa = XCBuildConfiguration;
			buildSettings = {
				ALWAYS_EMBED_SWIFT_STANDARD_LIBRARIES = YES;
				CODE_SIGN_STYLE = Automatic;
				DEVELOPMENT_TEAM = BQ5W2PQZ45;
				INFOPLIST_FILE = "Black Business LocatorUITests/Info.plist";
				LD_RUNPATH_SEARCH_PATHS = (
					"$(inherited)",
					"@executable_path/Frameworks",
					"@loader_path/Frameworks",
				);
				PRODUCT_BUNDLE_IDENTIFIER = "justinmrstewart-yahoo.com.Black-Business-LocatorUITests";
				PRODUCT_NAME = "$(TARGET_NAME)";
				SWIFT_VERSION = 5.0;
				TARGETED_DEVICE_FAMILY = "1,2";
				TEST_TARGET_NAME = "Black Business Locator";
			};
			name = Debug;
		};
		C1498215261CF89C004A1CBC /* Release */ = {
			isa = XCBuildConfiguration;
			buildSettings = {
				ALWAYS_EMBED_SWIFT_STANDARD_LIBRARIES = YES;
				CODE_SIGN_STYLE = Automatic;
				DEVELOPMENT_TEAM = BQ5W2PQZ45;
				INFOPLIST_FILE = "Black Business LocatorUITests/Info.plist";
				LD_RUNPATH_SEARCH_PATHS = (
					"$(inherited)",
					"@executable_path/Frameworks",
					"@loader_path/Frameworks",
				);
				PRODUCT_BUNDLE_IDENTIFIER = "justinmrstewart-yahoo.com.Black-Business-LocatorUITests";
				PRODUCT_NAME = "$(TARGET_NAME)";
				SWIFT_VERSION = 5.0;
				TARGETED_DEVICE_FAMILY = "1,2";
				TEST_TARGET_NAME = "Black Business Locator";
			};
			name = Release;
		};
/* End XCBuildConfiguration section */

/* Begin XCConfigurationList section */
		C14981DE261CF88F004A1CBC /* Build configuration list for PBXProject "Black Business Locator" */ = {
			isa = XCConfigurationList;
			buildConfigurations = (
				C149820B261CF89C004A1CBC /* Debug */,
				C149820C261CF89C004A1CBC /* Release */,
			);
			defaultConfigurationIsVisible = 0;
			defaultConfigurationName = Release;
		};
		C149820D261CF89C004A1CBC /* Build configuration list for PBXNativeTarget "Black Business Locator" */ = {
			isa = XCConfigurationList;
			buildConfigurations = (
				C149820E261CF89C004A1CBC /* Debug */,
				C149820F261CF89C004A1CBC /* Release */,
			);
			defaultConfigurationIsVisible = 0;
			defaultConfigurationName = Release;
		};
		C1498210261CF89C004A1CBC /* Build configuration list for PBXNativeTarget "Black Business LocatorTests" */ = {
			isa = XCConfigurationList;
			buildConfigurations = (
				C1498211261CF89C004A1CBC /* Debug */,
				C1498212261CF89C004A1CBC /* Release */,
			);
			defaultConfigurationIsVisible = 0;
			defaultConfigurationName = Release;
		};
		C1498213261CF89C004A1CBC /* Build configuration list for PBXNativeTarget "Black Business LocatorUITests" */ = {
			isa = XCConfigurationList;
			buildConfigurations = (
				C1498214261CF89C004A1CBC /* Debug */,
				C1498215261CF89C004A1CBC /* Release */,
			);
			defaultConfigurationIsVisible = 0;
			defaultConfigurationName = Release;
		};
/* End XCConfigurationList section */
	};
	rootObject = C14981DB261CF88F004A1CBC /* Project object */;
}
